// !$*UTF8*$!
{
	archiveVersion = 1;
	classes = {
	};
	objectVersion = 56;
	objects = {

/* Begin PBXBuildFile section */
		6868846B2B8B64A100411237 /* SnakeApp.swift in Sources */ = {isa = PBXBuildFile; fileRef = 6868846A2B8B64A100411237 /* SnakeApp.swift */; };
		6868846D2B8B64A100411237 /* ContentView.swift in Sources */ = {isa = PBXBuildFile; fileRef = 6868846C2B8B64A100411237 /* ContentView.swift */; };
		6868846F2B8B64A400411237 /* Assets.xcassets in Resources */ = {isa = PBXBuildFile; fileRef = 6868846E2B8B64A400411237 /* Assets.xcassets */; };
		686884722B8B64A400411237 /* Preview Assets.xcassets in Resources */ = {isa = PBXBuildFile; fileRef = 686884712B8B64A400411237 /* Preview Assets.xcassets */; };
		6868847C2B8B64A400411237 /* SnakeTests.swift in Sources */ = {isa = PBXBuildFile; fileRef = 6868847B2B8B64A400411237 /* SnakeTests.swift */; };
		686884862B8B64A400411237 /* SnakeUITests.swift in Sources */ = {isa = PBXBuildFile; fileRef = 686884852B8B64A400411237 /* SnakeUITests.swift */; };
		686884882B8B64A400411237 /* SnakeUITestsLaunchTests.swift in Sources */ = {isa = PBXBuildFile; fileRef = 686884872B8B64A400411237 /* SnakeUITestsLaunchTests.swift */; };
/* End PBXBuildFile section */

/* Begin PBXContainerItemProxy section */
		686884782B8B64A400411237 /* PBXContainerItemProxy */ = {
			isa = PBXContainerItemProxy;
			containerPortal = 6868845F2B8B64A100411237 /* Project object */;
			proxyType = 1;
			remoteGlobalIDString = 686884662B8B64A100411237;
			remoteInfo = Snake;
		};
		686884822B8B64A400411237 /* PBXContainerItemProxy */ = {
			isa = PBXContainerItemProxy;
			containerPortal = 6868845F2B8B64A100411237 /* Project object */;
			proxyType = 1;
			remoteGlobalIDString = 686884662B8B64A100411237;
			remoteInfo = Snake;
		};
/* End PBXContainerItemProxy section */

/* Begin PBXFileReference section */
		686884672B8B64A100411237 /* TansSnake.app */ = {isa = PBXFileReference; explicitFileType = wrapper.application; includeInIndex = 0; path = TansSnake.app; sourceTree = BUILT_PRODUCTS_DIR; };
		6868846A2B8B64A100411237 /* SnakeApp.swift */ = {isa = PBXFileReference; lastKnownFileType = sourcecode.swift; path = SnakeApp.swift; sourceTree = "<group>"; };
		6868846C2B8B64A100411237 /* ContentView.swift */ = {isa = PBXFileReference; lastKnownFileType = sourcecode.swift; path = ContentView.swift; sourceTree = "<group>"; };
		6868846E2B8B64A400411237 /* Assets.xcassets */ = {isa = PBXFileReference; lastKnownFileType = folder.assetcatalog; path = Assets.xcassets; sourceTree = "<group>"; };
		686884712B8B64A400411237 /* Preview Assets.xcassets */ = {isa = PBXFileReference; lastKnownFileType = folder.assetcatalog; path = "Preview Assets.xcassets"; sourceTree = "<group>"; };
		686884772B8B64A400411237 /* TansSnakeTests.xctest */ = {isa = PBXFileReference; explicitFileType = wrapper.cfbundle; includeInIndex = 0; path = TansSnakeTests.xctest; sourceTree = BUILT_PRODUCTS_DIR; };
		6868847B2B8B64A400411237 /* SnakeTests.swift */ = {isa = PBXFileReference; lastKnownFileType = sourcecode.swift; path = SnakeTests.swift; sourceTree = "<group>"; };
		686884812B8B64A400411237 /* TansSnakeUITests.xctest */ = {isa = PBXFileReference; explicitFileType = wrapper.cfbundle; includeInIndex = 0; path = TansSnakeUITests.xctest; sourceTree = BUILT_PRODUCTS_DIR; };
		686884852B8B64A400411237 /* SnakeUITests.swift */ = {isa = PBXFileReference; lastKnownFileType = sourcecode.swift; path = SnakeUITests.swift; sourceTree = "<group>"; };
		686884872B8B64A400411237 /* SnakeUITestsLaunchTests.swift */ = {isa = PBXFileReference; lastKnownFileType = sourcecode.swift; path = SnakeUITestsLaunchTests.swift; sourceTree = "<group>"; };
/* End PBXFileReference section */

/* Begin PBXFrameworksBuildPhase section */
		686884642B8B64A100411237 /* Frameworks */ = {
			isa = PBXFrameworksBuildPhase;
			buildActionMask = 2147483647;
			files = (
			);
			runOnlyForDeploymentPostprocessing = 0;
		};
		686884742B8B64A400411237 /* Frameworks */ = {
			isa = PBXFrameworksBuildPhase;
			buildActionMask = 2147483647;
			files = (
			);
			runOnlyForDeploymentPostprocessing = 0;
		};
		6868847E2B8B64A400411237 /* Frameworks */ = {
			isa = PBXFrameworksBuildPhase;
			buildActionMask = 2147483647;
			files = (
			);
			runOnlyForDeploymentPostprocessing = 0;
		};
/* End PBXFrameworksBuildPhase section */

/* Begin PBXGroup section */
		6868845E2B8B64A100411237 = {
			isa = PBXGroup;
			children = (
				686884692B8B64A100411237 /* Snake */,
				6868847A2B8B64A400411237 /* SnakeTests */,
				686884842B8B64A400411237 /* SnakeUITests */,
				686884682B8B64A100411237 /* Products */,
			);
			sourceTree = "<group>";
		};
		686884682B8B64A100411237 /* Products */ = {
			isa = PBXGroup;
			children = (
				686884672B8B64A100411237 /* TansSnake.app */,
				686884772B8B64A400411237 /* TansSnakeTests.xctest */,
				686884812B8B64A400411237 /* TansSnakeUITests.xctest */,
			);
			name = Products;
			sourceTree = "<group>";
		};
		686884692B8B64A100411237 /* Snake */ = {
			isa = PBXGroup;
			children = (
				6868846A2B8B64A100411237 /* SnakeApp.swift */,
				6868846C2B8B64A100411237 /* ContentView.swift */,
				6868846E2B8B64A400411237 /* Assets.xcassets */,
				686884702B8B64A400411237 /* Preview Content */,
			);
			path = Snake;
			sourceTree = "<group>";
		};
		686884702B8B64A400411237 /* Preview Content */ = {
			isa = PBXGroup;
			children = (
				686884712B8B64A400411237 /* Preview Assets.xcassets */,
			);
			path = "Preview Content";
			sourceTree = "<group>";
		};
		6868847A2B8B64A400411237 /* SnakeTests */ = {
			isa = PBXGroup;
			children = (
				6868847B2B8B64A400411237 /* SnakeTests.swift */,
			);
			path = SnakeTests;
			sourceTree = "<group>";
		};
		686884842B8B64A400411237 /* SnakeUITests */ = {
			isa = PBXGroup;
			children = (
				686884852B8B64A400411237 /* SnakeUITests.swift */,
				686884872B8B64A400411237 /* SnakeUITestsLaunchTests.swift */,
			);
			path = SnakeUITests;
			sourceTree = "<group>";
		};
/* End PBXGroup section */

/* Begin PBXNativeTarget section */
		686884662B8B64A100411237 /* TansSnake */ = {
			isa = PBXNativeTarget;
			buildConfigurationList = 6868848B2B8B64A400411237 /* Build configuration list for PBXNativeTarget "TansSnake" */;
			buildPhases = (
				686884632B8B64A100411237 /* Sources */,
				686884642B8B64A100411237 /* Frameworks */,
				686884652B8B64A100411237 /* Resources */,
			);
			buildRules = (
			);
			dependencies = (
			);
			name = TansSnake;
			productName = Snake;
			productReference = 686884672B8B64A100411237 /* TansSnake.app */;
			productType = "com.apple.product-type.application";
		};
		686884762B8B64A400411237 /* TansSnakeTests */ = {
			isa = PBXNativeTarget;
			buildConfigurationList = 6868848E2B8B64A400411237 /* Build configuration list for PBXNativeTarget "TansSnakeTests" */;
			buildPhases = (
				686884732B8B64A400411237 /* Sources */,
				686884742B8B64A400411237 /* Frameworks */,
				686884752B8B64A400411237 /* Resources */,
			);
			buildRules = (
			);
			dependencies = (
				686884792B8B64A400411237 /* PBXTargetDependency */,
			);
			name = TansSnakeTests;
			productName = SnakeTests;
			productReference = 686884772B8B64A400411237 /* TansSnakeTests.xctest */;
			productType = "com.apple.product-type.bundle.unit-test";
		};
		686884802B8B64A400411237 /* TansSnakeUITests */ = {
			isa = PBXNativeTarget;
			buildConfigurationList = 686884912B8B64A400411237 /* Build configuration list for PBXNativeTarget "TansSnakeUITests" */;
			buildPhases = (
				6868847D2B8B64A400411237 /* Sources */,
				6868847E2B8B64A400411237 /* Frameworks */,
				6868847F2B8B64A400411237 /* Resources */,
			);
			buildRules = (
			);
			dependencies = (
				686884832B8B64A400411237 /* PBXTargetDependency */,
			);
			name = TansSnakeUITests;
			productName = SnakeUITests;
			productReference = 686884812B8B64A400411237 /* TansSnakeUITests.xctest */;
			productType = "com.apple.product-type.bundle.ui-testing";
		};
/* End PBXNativeTarget section */

/* Begin PBXProject section */
		6868845F2B8B64A100411237 /* Project object */ = {
			isa = PBXProject;
			attributes = {
				BuildIndependentTargetsInParallel = 1;
				LastSwiftUpdateCheck = 1520;
				LastUpgradeCheck = 1520;
				TargetAttributes = {
					686884662B8B64A100411237 = {
						CreatedOnToolsVersion = 15.2;
					};
					686884762B8B64A400411237 = {
						CreatedOnToolsVersion = 15.2;
						TestTargetID = 686884662B8B64A100411237;
					};
					686884802B8B64A400411237 = {
						CreatedOnToolsVersion = 15.2;
						TestTargetID = 686884662B8B64A100411237;
					};
				};
			};
			buildConfigurationList = 686884622B8B64A100411237 /* Build configuration list for PBXProject "TansSnake" */;
			compatibilityVersion = "Xcode 14.0";
			developmentRegion = en;
			hasScannedForEncodings = 0;
			knownRegions = (
				en,
				Base,
			);
			mainGroup = 6868845E2B8B64A100411237;
			productRefGroup = 686884682B8B64A100411237 /* Products */;
			projectDirPath = "";
			projectRoot = "";
			targets = (
				686884662B8B64A100411237 /* TansSnake */,
				686884762B8B64A400411237 /* TansSnakeTests */,
				686884802B8B64A400411237 /* TansSnakeUITests */,
			);
		};
/* End PBXProject section */

/* Begin PBXResourcesBuildPhase section */
		686884652B8B64A100411237 /* Resources */ = {
			isa = PBXResourcesBuildPhase;
			buildActionMask = 2147483647;
			files = (
				686884722B8B64A400411237 /* Preview Assets.xcassets in Resources */,
				6868846F2B8B64A400411237 /* Assets.xcassets in Resources */,
			);
			runOnlyForDeploymentPostprocessing = 0;
		};
		686884752B8B64A400411237 /* Resources */ = {
			isa = PBXResourcesBuildPhase;
			buildActionMask = 2147483647;
			files = (
			);
			runOnlyForDeploymentPostprocessing = 0;
		};
		6868847F2B8B64A400411237 /* Resources */ = {
			isa = PBXResourcesBuildPhase;
			buildActionMask = 2147483647;
			files = (
			);
			runOnlyForDeploymentPostprocessing = 0;
		};
/* End PBXResourcesBuildPhase section */

/* Begin PBXSourcesBuildPhase section */
		686884632B8B64A100411237 /* Sources */ = {
			isa = PBXSourcesBuildPhase;
			buildActionMask = 2147483647;
			files = (
				6868846D2B8B64A100411237 /* ContentView.swift in Sources */,
				6868846B2B8B64A100411237 /* SnakeApp.swift in Sources */,
			);
			runOnlyForDeploymentPostprocessing = 0;
		};
		686884732B8B64A400411237 /* Sources */ = {
			isa = PBXSourcesBuildPhase;
			buildActionMask = 2147483647;
			files = (
				6868847C2B8B64A400411237 /* SnakeTests.swift in Sources */,
			);
			runOnlyForDeploymentPostprocessing = 0;
		};
		6868847D2B8B64A400411237 /* Sources */ = {
			isa = PBXSourcesBuildPhase;
			buildActionMask = 2147483647;
			files = (
				686884862B8B64A400411237 /* SnakeUITests.swift in Sources */,
				686884882B8B64A400411237 /* SnakeUITestsLaunchTests.swift in Sources */,
			);
			runOnlyForDeploymentPostprocessing = 0;
		};
/* End PBXSourcesBuildPhase section */

/* Begin PBXTargetDependency section */
		686884792B8B64A400411237 /* PBXTargetDependency */ = {
			isa = PBXTargetDependency;
			target = 686884662B8B64A100411237 /* TansSnake */;
			targetProxy = 686884782B8B64A400411237 /* PBXContainerItemProxy */;
		};
		686884832B8B64A400411237 /* PBXTargetDependency */ = {
			isa = PBXTargetDependency;
			target = 686884662B8B64A100411237 /* TansSnake */;
			targetProxy = 686884822B8B64A400411237 /* PBXContainerItemProxy */;
		};
/* End PBXTargetDependency section */

/* Begin XCBuildConfiguration section */
		686884892B8B64A400411237 /* Debug */ = {
			isa = XCBuildConfiguration;
			buildSettings = {
				ALWAYS_SEARCH_USER_PATHS = NO;
				ASSETCATALOG_COMPILER_GENERATE_SWIFT_ASSET_SYMBOL_EXTENSIONS = YES;
				CLANG_ANALYZER_NONNULL = YES;
				CLANG_ANALYZER_NUMBER_OBJECT_CONVERSION = YES_AGGRESSIVE;
				CLANG_CXX_LANGUAGE_STANDARD = "gnu++20";
				CLANG_ENABLE_MODULES = YES;
				CLANG_ENABLE_OBJC_ARC = YES;
				CLANG_ENABLE_OBJC_WEAK = YES;
				CLANG_WARN_BLOCK_CAPTURE_AUTORELEASING = YES;
				CLANG_WARN_BOOL_CONVERSION = YES;
				CLANG_WARN_COMMA = YES;
				CLANG_WARN_CONSTANT_CONVERSION = YES;
				CLANG_WARN_DEPRECATED_OBJC_IMPLEMENTATIONS = YES;
				CLANG_WARN_DIRECT_OBJC_ISA_USAGE = YES_ERROR;
				CLANG_WARN_DOCUMENTATION_COMMENTS = YES;
				CLANG_WARN_EMPTY_BODY = YES;
				CLANG_WARN_ENUM_CONVERSION = YES;
				CLANG_WARN_INFINITE_RECURSION = YES;
				CLANG_WARN_INT_CONVERSION = YES;
				CLANG_WARN_NON_LITERAL_NULL_CONVERSION = YES;
				CLANG_WARN_OBJC_IMPLICIT_RETAIN_SELF = YES;
				CLANG_WARN_OBJC_LITERAL_CONVERSION = YES;
				CLANG_WARN_OBJC_ROOT_CLASS = YES_ERROR;
				CLANG_WARN_QUOTED_INCLUDE_IN_FRAMEWORK_HEADER = YES;
				CLANG_WARN_RANGE_LOOP_ANALYSIS = YES;
				CLANG_WARN_STRICT_PROTOTYPES = YES;
				CLANG_WARN_SUSPICIOUS_MOVE = YES;
				CLANG_WARN_UNGUARDED_AVAILABILITY = YES_AGGRESSIVE;
				CLANG_WARN_UNREACHABLE_CODE = YES;
				CLANG_WARN__DUPLICATE_METHOD_MATCH = YES;
				COPY_PHASE_STRIP = NO;
				DEBUG_INFORMATION_FORMAT = dwarf;
				ENABLE_STRICT_OBJC_MSGSEND = YES;
				ENABLE_TESTABILITY = YES;
				ENABLE_USER_SCRIPT_SANDBOXING = YES;
				GCC_C_LANGUAGE_STANDARD = gnu17;
				GCC_DYNAMIC_NO_PIC = NO;
				GCC_NO_COMMON_BLOCKS = YES;
				GCC_OPTIMIZATION_LEVEL = 0;
				GCC_PREPROCESSOR_DEFINITIONS = (
					"DEBUG=1",
					"$(inherited)",
				);
				GCC_WARN_64_TO_32_BIT_CONVERSION = YES;
				GCC_WARN_ABOUT_RETURN_TYPE = YES_ERROR;
				GCC_WARN_UNDECLARED_SELECTOR = YES;
				GCC_WARN_UNINITIALIZED_AUTOS = YES_AGGRESSIVE;
				GCC_WARN_UNUSED_FUNCTION = YES;
				GCC_WARN_UNUSED_VARIABLE = YES;
				IPHONEOS_DEPLOYMENT_TARGET = 17.2;
				LOCALIZATION_PREFERS_STRING_CATALOGS = YES;
				MTL_ENABLE_DEBUG_INFO = INCLUDE_SOURCE;
				MTL_FAST_MATH = YES;
				ONLY_ACTIVE_ARCH = YES;
				SDKROOT = iphoneos;
				SWIFT_ACTIVE_COMPILATION_CONDITIONS = "DEBUG $(inherited)";
				SWIFT_OPTIMIZATION_LEVEL = "-Onone";
			};
			name = Debug;
		};
		6868848A2B8B64A400411237 /* Release */ = {
			isa = XCBuildConfiguration;
			buildSettings = {
				ALWAYS_SEARCH_USER_PATHS = NO;
				ASSETCATALOG_COMPILER_GENERATE_SWIFT_ASSET_SYMBOL_EXTENSIONS = YES;
				CLANG_ANALYZER_NONNULL = YES;
				CLANG_ANALYZER_NUMBER_OBJECT_CONVERSION = YES_AGGRESSIVE;
				CLANG_CXX_LANGUAGE_STANDARD = "gnu++20";
				CLANG_ENABLE_MODULES = YES;
				CLANG_ENABLE_OBJC_ARC = YES;
				CLANG_ENABLE_OBJC_WEAK = YES;
				CLANG_WARN_BLOCK_CAPTURE_AUTORELEASING = YES;
				CLANG_WARN_BOOL_CONVERSION = YES;
				CLANG_WARN_COMMA = YES;
				CLANG_WARN_CONSTANT_CONVERSION = YES;
				CLANG_WARN_DEPRECATED_OBJC_IMPLEMENTATIONS = YES;
				CLANG_WARN_DIRECT_OBJC_ISA_USAGE = YES_ERROR;
				CLANG_WARN_DOCUMENTATION_COMMENTS = YES;
				CLANG_WARN_EMPTY_BODY = YES;
				CLANG_WARN_ENUM_CONVERSION = YES;
				CLANG_WARN_INFINITE_RECURSION = YES;
				CLANG_WARN_INT_CONVERSION = YES;
				CLANG_WARN_NON_LITERAL_NULL_CONVERSION = YES;
				CLANG_WARN_OBJC_IMPLICIT_RETAIN_SELF = YES;
				CLANG_WARN_OBJC_LITERAL_CONVERSION = YES;
				CLANG_WARN_OBJC_ROOT_CLASS = YES_ERROR;
				CLANG_WARN_QUOTED_INCLUDE_IN_FRAMEWORK_HEADER = YES;
				CLANG_WARN_RANGE_LOOP_ANALYSIS = YES;
				CLANG_WARN_STRICT_PROTOTYPES = YES;
				CLANG_WARN_SUSPICIOUS_MOVE = YES;
				CLANG_WARN_UNGUARDED_AVAILABILITY = YES_AGGRESSIVE;
				CLANG_WARN_UNREACHABLE_CODE = YES;
				CLANG_WARN__DUPLICATE_METHOD_MATCH = YES;
				COPY_PHASE_STRIP = NO;
				DEBUG_INFORMATION_FORMAT = "dwarf-with-dsym";
				ENABLE_NS_ASSERTIONS = NO;
				ENABLE_STRICT_OBJC_MSGSEND = YES;
				ENABLE_USER_SCRIPT_SANDBOXING = YES;
				GCC_C_LANGUAGE_STANDARD = gnu17;
				GCC_NO_COMMON_BLOCKS = YES;
				GCC_WARN_64_TO_32_BIT_CONVERSION = YES;
				GCC_WARN_ABOUT_RETURN_TYPE = YES_ERROR;
				GCC_WARN_UNDECLARED_SELECTOR = YES;
				GCC_WARN_UNINITIALIZED_AUTOS = YES_AGGRESSIVE;
				GCC_WARN_UNUSED_FUNCTION = YES;
				GCC_WARN_UNUSED_VARIABLE = YES;
				IPHONEOS_DEPLOYMENT_TARGET = 17.2;
				LOCALIZATION_PREFERS_STRING_CATALOGS = YES;
				MTL_ENABLE_DEBUG_INFO = NO;
				MTL_FAST_MATH = YES;
				SDKROOT = iphoneos;
				SWIFT_COMPILATION_MODE = wholemodule;
				VALIDATE_PRODUCT = YES;
			};
			name = Release;
		};
		6868848C2B8B64A400411237 /* Debug */ = {
			isa = XCBuildConfiguration;
			buildSettings = {
				ASSETCATALOG_COMPILER_APPICON_NAME = AppIcon;
				ASSETCATALOG_COMPILER_GLOBAL_ACCENT_COLOR_NAME = AccentColor;
				CODE_SIGN_STYLE = Automatic;
				CURRENT_PROJECT_VERSION = 1;
				DEVELOPMENT_ASSET_PATHS = "\"Snake/Preview Content\"";
				DEVELOPMENT_TEAM = BMQK6V57GX;
				ENABLE_PREVIEWS = YES;
				GENERATE_INFOPLIST_FILE = YES;
				INFOPLIST_KEY_UIApplicationSceneManifest_Generation = YES;
				INFOPLIST_KEY_UIApplicationSupportsIndirectInputEvents = YES;
				INFOPLIST_KEY_UILaunchScreen_Generation = YES;
				INFOPLIST_KEY_UISupportedInterfaceOrientations_iPad = "UIInterfaceOrientationPortrait UIInterfaceOrientationPortraitUpsideDown UIInterfaceOrientationLandscapeLeft UIInterfaceOrientationLandscapeRight";
				INFOPLIST_KEY_UISupportedInterfaceOrientations_iPhone = "UIInterfaceOrientationPortrait UIInterfaceOrientationLandscapeLeft UIInterfaceOrientationLandscapeRight";
				LD_RUNPATH_SEARCH_PATHS = (
					"$(inherited)",
					"@executable_path/Frameworks",
				);
				MARKETING_VERSION = 1.0;
				PRODUCT_BUNDLE_IDENTIFIER = com.ccn.Snake;
				PRODUCT_NAME = "$(TARGET_NAME)";
				SWIFT_EMIT_LOC_STRINGS = YES;
				SWIFT_VERSION = 5.0;
				TARGETED_DEVICE_FAMILY = "1,2";
			};
			name = Debug;
		};
		6868848D2B8B64A400411237 /* Release */ = {
			isa = XCBuildConfiguration;
			buildSettings = {
				ASSETCATALOG_COMPILER_APPICON_NAME = AppIcon;
				ASSETCATALOG_COMPILER_GLOBAL_ACCENT_COLOR_NAME = AccentColor;
				CODE_SIGN_STYLE = Automatic;
				CURRENT_PROJECT_VERSION = 1;
				DEVELOPMENT_ASSET_PATHS = "\"Snake/Preview Content\"";
				DEVELOPMENT_TEAM = BMQK6V57GX;
				ENABLE_PREVIEWS = YES;
				GENERATE_INFOPLIST_FILE = YES;
				INFOPLIST_KEY_UIApplicationSceneManifest_Generation = YES;
				INFOPLIST_KEY_UIApplicationSupportsIndirectInputEvents = YES;
				INFOPLIST_KEY_UILaunchScreen_Generation = YES;
				INFOPLIST_KEY_UISupportedInterfaceOrientations_iPad = "UIInterfaceOrientationPortrait UIInterfaceOrientationPortraitUpsideDown UIInterfaceOrientationLandscapeLeft UIInterfaceOrientationLandscapeRight";
				INFOPLIST_KEY_UISupportedInterfaceOrientations_iPhone = "UIInterfaceOrientationPortrait UIInterfaceOrientationLandscapeLeft UIInterfaceOrientationLandscapeRight";
				LD_RUNPATH_SEARCH_PATHS = (
					"$(inherited)",
					"@executable_path/Frameworks",
				);
				MARKETING_VERSION = 1.0;
				PRODUCT_BUNDLE_IDENTIFIER = com.ccn.Snake;
				PRODUCT_NAME = "$(TARGET_NAME)";
				SWIFT_EMIT_LOC_STRINGS = YES;
				SWIFT_VERSION = 5.0;
				TARGETED_DEVICE_FAMILY = "1,2";
			};
			name = Release;
		};
		6868848F2B8B64A400411237 /* Debug */ = {
			isa = XCBuildConfiguration;
			buildSettings = {
				ALWAYS_EMBED_SWIFT_STANDARD_LIBRARIES = YES;
				BUNDLE_LOADER = "$(TEST_HOST)";
				CODE_SIGN_STYLE = Automatic;
				CURRENT_PROJECT_VERSION = 1;
				DEVELOPMENT_TEAM = BMQK6V57GX;
				GENERATE_INFOPLIST_FILE = YES;
				IPHONEOS_DEPLOYMENT_TARGET = 17.2;
				MARKETING_VERSION = 1.0;
				PRODUCT_BUNDLE_IDENTIFIER = com.ccn.SnakeTests;
				PRODUCT_NAME = "$(TARGET_NAME)";
				SWIFT_EMIT_LOC_STRINGS = NO;
				SWIFT_VERSION = 5.0;
				TARGETED_DEVICE_FAMILY = "1,2";
				TEST_HOST = "$(BUILT_PRODUCTS_DIR)/TansSnake.app/$(BUNDLE_EXECUTABLE_FOLDER_PATH)/TansSnake";
			};
			name = Debug;
		};
		686884902B8B64A400411237 /* Release */ = {
			isa = XCBuildConfiguration;
			buildSettings = {
				ALWAYS_EMBED_SWIFT_STANDARD_LIBRARIES = YES;
				BUNDLE_LOADER = "$(TEST_HOST)";
				CODE_SIGN_STYLE = Automatic;
				CURRENT_PROJECT_VERSION = 1;
				DEVELOPMENT_TEAM = BMQK6V57GX;
				GENERATE_INFOPLIST_FILE = YES;
				IPHONEOS_DEPLOYMENT_TARGET = 17.2;
				MARKETING_VERSION = 1.0;
				PRODUCT_BUNDLE_IDENTIFIER = com.ccn.SnakeTests;
				PRODUCT_NAME = "$(TARGET_NAME)";
				SWIFT_EMIT_LOC_STRINGS = NO;
				SWIFT_VERSION = 5.0;
				TARGETED_DEVICE_FAMILY = "1,2";
				TEST_HOST = "$(BUILT_PRODUCTS_DIR)/TansSnake.app/$(BUNDLE_EXECUTABLE_FOLDER_PATH)/TansSnake";
			};
			name = Release;
		};
		686884922B8B64A400411237 /* Debug */ = {
			isa = XCBuildConfiguration;
			buildSettings = {
				ALWAYS_EMBED_SWIFT_STANDARD_LIBRARIES = YES;
				CODE_SIGN_STYLE = Automatic;
				CURRENT_PROJECT_VERSION = 1;
				DEVELOPMENT_TEAM = BMQK6V57GX;
				GENERATE_INFOPLIST_FILE = YES;
				MARKETING_VERSION = 1.0;
				PRODUCT_BUNDLE_IDENTIFIER = com.ccn.SnakeUITests;
				PRODUCT_NAME = "$(TARGET_NAME)";
				SWIFT_EMIT_LOC_STRINGS = NO;
				SWIFT_VERSION = 5.0;
				TARGETED_DEVICE_FAMILY = "1,2";
				TEST_TARGET_NAME = Snake;
			};
			name = Debug;
		};
		686884932B8B64A400411237 /* Release */ = {
			isa = XCBuildConfiguration;
			buildSettings = {
				ALWAYS_EMBED_SWIFT_STANDARD_LIBRARIES = YES;
				CODE_SIGN_STYLE = Automatic;
				CURRENT_PROJECT_VERSION = 1;
				DEVELOPMENT_TEAM = BMQK6V57GX;
				GENERATE_INFOPLIST_FILE = YES;
				MARKETING_VERSION = 1.0;
				PRODUCT_BUNDLE_IDENTIFIER = com.ccn.SnakeUITests;
				PRODUCT_NAME = "$(TARGET_NAME)";
				SWIFT_EMIT_LOC_STRINGS = NO;
				SWIFT_VERSION = 5.0;
				TARGETED_DEVICE_FAMILY = "1,2";
				TEST_TARGET_NAME = Snake;
			};
			name = Release;
		};
/* End XCBuildConfiguration section */

/* Begin XCConfigurationList section */
		686884622B8B64A100411237 /* Build configuration list for PBXProject "TansSnake" */ = {
			isa = XCConfigurationList;
			buildConfigurations = (
				686884892B8B64A400411237 /* Debug */,
				6868848A2B8B64A400411237 /* Release */,
			);
			defaultConfigurationIsVisible = 0;
			defaultConfigurationName = Release;
		};
		6868848B2B8B64A400411237 /* Build configuration list for PBXNativeTarget "TansSnake" */ = {
			isa = XCConfigurationList;
			buildConfigurations = (
				6868848C2B8B64A400411237 /* Debug */,
				6868848D2B8B64A400411237 /* Release */,
			);
			defaultConfigurationIsVisible = 0;
			defaultConfigurationName = Release;
		};
		6868848E2B8B64A400411237 /* Build configuration list for PBXNativeTarget "TansSnakeTests" */ = {
			isa = XCConfigurationList;
			buildConfigurations = (
				6868848F2B8B64A400411237 /* Debug */,
				686884902B8B64A400411237 /* Release */,
			);
			defaultConfigurationIsVisible = 0;
			defaultConfigurationName = Release;
		};
		686884912B8B64A400411237 /* Build configuration list for PBXNativeTarget "TansSnakeUITests" */ = {
			isa = XCConfigurationList;
			buildConfigurations = (
				686884922B8B64A400411237 /* Debug */,
				686884932B8B64A400411237 /* Release */,
			);
			defaultConfigurationIsVisible = 0;
			defaultConfigurationName = Release;
		};
/* End XCConfigurationList section */
	};
	rootObject = 6868845F2B8B64A100411237 /* Project object */;
}
