// !$*UTF8*$!
{
	archiveVersion = 1;
	classes = {
	};
	objectVersion = 56;
	objects = {

/* Begin PBXBuildFile section */
		6866BCCE2BC1763D00AE855F /* Pomodoro_CloneApp.swift in Sources */ = {isa = PBXBuildFile; fileRef = 6866BCCD2BC1763D00AE855F /* Pomodoro_CloneApp.swift */; };
		6866BCD02BC1763D00AE855F /* ContentView.swift in Sources */ = {isa = PBXBuildFile; fileRef = 6866BCCF2BC1763D00AE855F /* ContentView.swift */; };
		6866BCD22BC1764000AE855F /* Assets.xcassets in Resources */ = {isa = PBXBuildFile; fileRef = 6866BCD12BC1764000AE855F /* Assets.xcassets */; };
		6866BCD52BC1764000AE855F /* Preview Assets.xcassets in Resources */ = {isa = PBXBuildFile; fileRef = 6866BCD42BC1764000AE855F /* Preview Assets.xcassets */; };
		6866BCDF2BC1764000AE855F /* Pomodoro_CloneTests.swift in Sources */ = {isa = PBXBuildFile; fileRef = 6866BCDE2BC1764000AE855F /* Pomodoro_CloneTests.swift */; };
		6866BCE92BC1764000AE855F /* Pomodoro_CloneUITests.swift in Sources */ = {isa = PBXBuildFile; fileRef = 6866BCE82BC1764000AE855F /* Pomodoro_CloneUITests.swift */; };
		6866BCEB2BC1764000AE855F /* Pomodoro_CloneUITestsLaunchTests.swift in Sources */ = {isa = PBXBuildFile; fileRef = 6866BCEA2BC1764000AE855F /* Pomodoro_CloneUITestsLaunchTests.swift */; };
		6866BCFA2BC176DA00AE855F /* PomodoroModel.swift in Sources */ = {isa = PBXBuildFile; fileRef = 6866BCF92BC176DA00AE855F /* PomodoroModel.swift */; };
		6866BCFC2BC1771200AE855F /* Home.swift in Sources */ = {isa = PBXBuildFile; fileRef = 6866BCFB2BC1771200AE855F /* Home.swift */; };
/* End PBXBuildFile section */

/* Begin PBXContainerItemProxy section */
		6866BCDB2BC1764000AE855F /* PBXContainerItemProxy */ = {
			isa = PBXContainerItemProxy;
			containerPortal = 6866BCC22BC1763D00AE855F /* Project object */;
			proxyType = 1;
			remoteGlobalIDString = 6866BCC92BC1763D00AE855F;
			remoteInfo = "Pomodoro-Clone";
		};
		6866BCE52BC1764000AE855F /* PBXContainerItemProxy */ = {
			isa = PBXContainerItemProxy;
			containerPortal = 6866BCC22BC1763D00AE855F /* Project object */;
			proxyType = 1;
			remoteGlobalIDString = 6866BCC92BC1763D00AE855F;
			remoteInfo = "Pomodoro-Clone";
		};
/* End PBXContainerItemProxy section */

/* Begin PBXFileReference section */
		6866BCCA2BC1763D00AE855F /* Pomodoro-Clone.app */ = {isa = PBXFileReference; explicitFileType = wrapper.application; includeInIndex = 0; path = "Pomodoro-Clone.app"; sourceTree = BUILT_PRODUCTS_DIR; };
		6866BCCD2BC1763D00AE855F /* Pomodoro_CloneApp.swift */ = {isa = PBXFileReference; lastKnownFileType = sourcecode.swift; path = Pomodoro_CloneApp.swift; sourceTree = "<group>"; };
		6866BCCF2BC1763D00AE855F /* ContentView.swift */ = {isa = PBXFileReference; lastKnownFileType = sourcecode.swift; path = ContentView.swift; sourceTree = "<group>"; };
		6866BCD12BC1764000AE855F /* Assets.xcassets */ = {isa = PBXFileReference; lastKnownFileType = folder.assetcatalog; path = Assets.xcassets; sourceTree = "<group>"; };
		6866BCD42BC1764000AE855F /* Preview Assets.xcassets */ = {isa = PBXFileReference; lastKnownFileType = folder.assetcatalog; path = "Preview Assets.xcassets"; sourceTree = "<group>"; };
		6866BCDA2BC1764000AE855F /* Pomodoro-CloneTests.xctest */ = {isa = PBXFileReference; explicitFileType = wrapper.cfbundle; includeInIndex = 0; path = "Pomodoro-CloneTests.xctest"; sourceTree = BUILT_PRODUCTS_DIR; };
		6866BCDE2BC1764000AE855F /* Pomodoro_CloneTests.swift */ = {isa = PBXFileReference; lastKnownFileType = sourcecode.swift; path = Pomodoro_CloneTests.swift; sourceTree = "<group>"; };
		6866BCE42BC1764000AE855F /* Pomodoro-CloneUITests.xctest */ = {isa = PBXFileReference; explicitFileType = wrapper.cfbundle; includeInIndex = 0; path = "Pomodoro-CloneUITests.xctest"; sourceTree = BUILT_PRODUCTS_DIR; };
		6866BCE82BC1764000AE855F /* Pomodoro_CloneUITests.swift */ = {isa = PBXFileReference; lastKnownFileType = sourcecode.swift; path = Pomodoro_CloneUITests.swift; sourceTree = "<group>"; };
		6866BCEA2BC1764000AE855F /* Pomodoro_CloneUITestsLaunchTests.swift */ = {isa = PBXFileReference; lastKnownFileType = sourcecode.swift; path = Pomodoro_CloneUITestsLaunchTests.swift; sourceTree = "<group>"; };
		6866BCF92BC176DA00AE855F /* PomodoroModel.swift */ = {isa = PBXFileReference; lastKnownFileType = sourcecode.swift; path = PomodoroModel.swift; sourceTree = "<group>"; };
		6866BCFB2BC1771200AE855F /* Home.swift */ = {isa = PBXFileReference; lastKnownFileType = sourcecode.swift; path = Home.swift; sourceTree = "<group>"; };
/* End PBXFileReference section */

/* Begin PBXFrameworksBuildPhase section */
		6866BCC72BC1763D00AE855F /* Frameworks */ = {
			isa = PBXFrameworksBuildPhase;
			buildActionMask = 2147483647;
			files = (
			);
			runOnlyForDeploymentPostprocessing = 0;
		};
		6866BCD72BC1764000AE855F /* Frameworks */ = {
			isa = PBXFrameworksBuildPhase;
			buildActionMask = 2147483647;
			files = (
			);
			runOnlyForDeploymentPostprocessing = 0;
		};
		6866BCE12BC1764000AE855F /* Frameworks */ = {
			isa = PBXFrameworksBuildPhase;
			buildActionMask = 2147483647;
			files = (
			);
			runOnlyForDeploymentPostprocessing = 0;
		};
/* End PBXFrameworksBuildPhase section */

/* Begin PBXGroup section */
		6866BCC12BC1763D00AE855F = {
			isa = PBXGroup;
			children = (
				6866BCCC2BC1763D00AE855F /* Pomodoro-Clone */,
				6866BCDD2BC1764000AE855F /* Pomodoro-CloneTests */,
				6866BCE72BC1764000AE855F /* Pomodoro-CloneUITests */,
				6866BCCB2BC1763D00AE855F /* Products */,
			);
			sourceTree = "<group>";
		};
		6866BCCB2BC1763D00AE855F /* Products */ = {
			isa = PBXGroup;
			children = (
				6866BCCA2BC1763D00AE855F /* Pomodoro-Clone.app */,
				6866BCDA2BC1764000AE855F /* Pomodoro-CloneTests.xctest */,
				6866BCE42BC1764000AE855F /* Pomodoro-CloneUITests.xctest */,
			);
			name = Products;
			sourceTree = "<group>";
		};
		6866BCCC2BC1763D00AE855F /* Pomodoro-Clone */ = {
			isa = PBXGroup;
			children = (
				6866BCF82BC176BE00AE855F /* viewModel */,
				6866BCF72BC176B800AE855F /* view */,
				6866BCCD2BC1763D00AE855F /* Pomodoro_CloneApp.swift */,
				6866BCCF2BC1763D00AE855F /* ContentView.swift */,
				6866BCD12BC1764000AE855F /* Assets.xcassets */,
				6866BCD32BC1764000AE855F /* Preview Content */,
			);
			path = "Pomodoro-Clone";
			sourceTree = "<group>";
		};
		6866BCD32BC1764000AE855F /* Preview Content */ = {
			isa = PBXGroup;
			children = (
				6866BCD42BC1764000AE855F /* Preview Assets.xcassets */,
			);
			path = "Preview Content";
			sourceTree = "<group>";
		};
		6866BCDD2BC1764000AE855F /* Pomodoro-CloneTests */ = {
			isa = PBXGroup;
			children = (
				6866BCDE2BC1764000AE855F /* Pomodoro_CloneTests.swift */,
			);
			path = "Pomodoro-CloneTests";
			sourceTree = "<group>";
		};
		6866BCE72BC1764000AE855F /* Pomodoro-CloneUITests */ = {
			isa = PBXGroup;
			children = (
				6866BCE82BC1764000AE855F /* Pomodoro_CloneUITests.swift */,
				6866BCEA2BC1764000AE855F /* Pomodoro_CloneUITestsLaunchTests.swift */,
			);
			path = "Pomodoro-CloneUITests";
			sourceTree = "<group>";
		};
		6866BCF72BC176B800AE855F /* view */ = {
			isa = PBXGroup;
			children = (
				6866BCFB2BC1771200AE855F /* Home.swift */,
			);
			path = view;
			sourceTree = "<group>";
		};
		6866BCF82BC176BE00AE855F /* viewModel */ = {
			isa = PBXGroup;
			children = (
				6866BCF92BC176DA00AE855F /* PomodoroModel.swift */,
			);
			path = viewModel;
			sourceTree = "<group>";
		};
/* End PBXGroup section */

/* Begin PBXNativeTarget section */
		6866BCC92BC1763D00AE855F /* Pomodoro-Clone */ = {
			isa = PBXNativeTarget;
			buildConfigurationList = 6866BCEE2BC1764000AE855F /* Build configuration list for PBXNativeTarget "Pomodoro-Clone" */;
			buildPhases = (
				6866BCC62BC1763D00AE855F /* Sources */,
				6866BCC72BC1763D00AE855F /* Frameworks */,
				6866BCC82BC1763D00AE855F /* Resources */,
			);
			buildRules = (
			);
			dependencies = (
			);
			name = "Pomodoro-Clone";
			productName = "Pomodoro-Clone";
			productReference = 6866BCCA2BC1763D00AE855F /* Pomodoro-Clone.app */;
			productType = "com.apple.product-type.application";
		};
		6866BCD92BC1764000AE855F /* Pomodoro-CloneTests */ = {
			isa = PBXNativeTarget;
			buildConfigurationList = 6866BCF12BC1764000AE855F /* Build configuration list for PBXNativeTarget "Pomodoro-CloneTests" */;
			buildPhases = (
				6866BCD62BC1764000AE855F /* Sources */,
				6866BCD72BC1764000AE855F /* Frameworks */,
				6866BCD82BC1764000AE855F /* Resources */,
			);
			buildRules = (
			);
			dependencies = (
				6866BCDC2BC1764000AE855F /* PBXTargetDependency */,
			);
			name = "Pomodoro-CloneTests";
			productName = "Pomodoro-CloneTests";
			productReference = 6866BCDA2BC1764000AE855F /* Pomodoro-CloneTests.xctest */;
			productType = "com.apple.product-type.bundle.unit-test";
		};
		6866BCE32BC1764000AE855F /* Pomodoro-CloneUITests */ = {
			isa = PBXNativeTarget;
			buildConfigurationList = 6866BCF42BC1764000AE855F /* Build configuration list for PBXNativeTarget "Pomodoro-CloneUITests" */;
			buildPhases = (
				6866BCE02BC1764000AE855F /* Sources */,
				6866BCE12BC1764000AE855F /* Frameworks */,
				6866BCE22BC1764000AE855F /* Resources */,
			);
			buildRules = (
			);
			dependencies = (
				6866BCE62BC1764000AE855F /* PBXTargetDependency */,
			);
			name = "Pomodoro-CloneUITests";
			productName = "Pomodoro-CloneUITests";
			productReference = 6866BCE42BC1764000AE855F /* Pomodoro-CloneUITests.xctest */;
			productType = "com.apple.product-type.bundle.ui-testing";
		};
/* End PBXNativeTarget section */

/* Begin PBXProject section */
		6866BCC22BC1763D00AE855F /* Project object */ = {
			isa = PBXProject;
			attributes = {
				BuildIndependentTargetsInParallel = 1;
				LastSwiftUpdateCheck = 1530;
				LastUpgradeCheck = 1530;
				TargetAttributes = {
					6866BCC92BC1763D00AE855F = {
						CreatedOnToolsVersion = 15.3;
					};
					6866BCD92BC1764000AE855F = {
						CreatedOnToolsVersion = 15.3;
						TestTargetID = 6866BCC92BC1763D00AE855F;
					};
					6866BCE32BC1764000AE855F = {
						CreatedOnToolsVersion = 15.3;
						TestTargetID = 6866BCC92BC1763D00AE855F;
					};
				};
			};
			buildConfigurationList = 6866BCC52BC1763D00AE855F /* Build configuration list for PBXProject "Pomodoro-Clone" */;
			compatibilityVersion = "Xcode 14.0";
			developmentRegion = en;
			hasScannedForEncodings = 0;
			knownRegions = (
				en,
				Base,
			);
			mainGroup = 6866BCC12BC1763D00AE855F;
			productRefGroup = 6866BCCB2BC1763D00AE855F /* Products */;
			projectDirPath = "";
			projectRoot = "";
			targets = (
				6866BCC92BC1763D00AE855F /* Pomodoro-Clone */,
				6866BCD92BC1764000AE855F /* Pomodoro-CloneTests */,
				6866BCE32BC1764000AE855F /* Pomodoro-CloneUITests */,
			);
		};
/* End PBXProject section */

/* Begin PBXResourcesBuildPhase section */
		6866BCC82BC1763D00AE855F /* Resources */ = {
			isa = PBXResourcesBuildPhase;
			buildActionMask = 2147483647;
			files = (
				6866BCD52BC1764000AE855F /* Preview Assets.xcassets in Resources */,
				6866BCD22BC1764000AE855F /* Assets.xcassets in Resources */,
			);
			runOnlyForDeploymentPostprocessing = 0;
		};
		6866BCD82BC1764000AE855F /* Resources */ = {
			isa = PBXResourcesBuildPhase;
			buildActionMask = 2147483647;
			files = (
			);
			runOnlyForDeploymentPostprocessing = 0;
		};
		6866BCE22BC1764000AE855F /* Resources */ = {
			isa = PBXResourcesBuildPhase;
			buildActionMask = 2147483647;
			files = (
			);
			runOnlyForDeploymentPostprocessing = 0;
		};
/* End PBXResourcesBuildPhase section */

/* Begin PBXSourcesBuildPhase section */
		6866BCC62BC1763D00AE855F /* Sources */ = {
			isa = PBXSourcesBuildPhase;
			buildActionMask = 2147483647;
			files = (
				6866BCD02BC1763D00AE855F /* ContentView.swift in Sources */,
				6866BCFA2BC176DA00AE855F /* PomodoroModel.swift in Sources */,
				6866BCFC2BC1771200AE855F /* Home.swift in Sources */,
				6866BCCE2BC1763D00AE855F /* Pomodoro_CloneApp.swift in Sources */,
			);
			runOnlyForDeploymentPostprocessing = 0;
		};
		6866BCD62BC1764000AE855F /* Sources */ = {
			isa = PBXSourcesBuildPhase;
			buildActionMask = 2147483647;
			files = (
				6866BCDF2BC1764000AE855F /* Pomodoro_CloneTests.swift in Sources */,
			);
			runOnlyForDeploymentPostprocessing = 0;
		};
		6866BCE02BC1764000AE855F /* Sources */ = {
			isa = PBXSourcesBuildPhase;
			buildActionMask = 2147483647;
			files = (
				6866BCE92BC1764000AE855F /* Pomodoro_CloneUITests.swift in Sources */,
				6866BCEB2BC1764000AE855F /* Pomodoro_CloneUITestsLaunchTests.swift in Sources */,
			);
			runOnlyForDeploymentPostprocessing = 0;
		};
/* End PBXSourcesBuildPhase section */

/* Begin PBXTargetDependency section */
		6866BCDC2BC1764000AE855F /* PBXTargetDependency */ = {
			isa = PBXTargetDependency;
			target = 6866BCC92BC1763D00AE855F /* Pomodoro-Clone */;
			targetProxy = 6866BCDB2BC1764000AE855F /* PBXContainerItemProxy */;
		};
		6866BCE62BC1764000AE855F /* PBXTargetDependency */ = {
			isa = PBXTargetDependency;
			target = 6866BCC92BC1763D00AE855F /* Pomodoro-Clone */;
			targetProxy = 6866BCE52BC1764000AE855F /* PBXContainerItemProxy */;
		};
/* End PBXTargetDependency section */

/* Begin XCBuildConfiguration section */
		6866BCEC2BC1764000AE855F /* Debug */ = {
			isa = XCBuildConfiguration;
			buildSettings = {
				ALWAYS_SEARCH_USER_PATHS = NO;
				ASSETCATALOG_COMPILER_GENERATE_SWIFT_ASSET_SYMBOL_EXTENSIONS = YES;
				CLANG_ANALYZER_NONNULL = YES;
				CLANG_ANALYZER_NUMBER_OBJECT_CONVERSION = YES_AGGRESSIVE;
				CLANG_CXX_LANGUAGE_STANDARD = "gnu++20";
				CLANG_ENABLE_MODULES = YES;
				CLANG_ENABLE_OBJC_ARC = YES;
				CLANG_ENABLE_OBJC_WEAK = YES;
				CLANG_WARN_BLOCK_CAPTURE_AUTORELEASING = YES;
				CLANG_WARN_BOOL_CONVERSION = YES;
				CLANG_WARN_COMMA = YES;
				CLANG_WARN_CONSTANT_CONVERSION = YES;
				CLANG_WARN_DEPRECATED_OBJC_IMPLEMENTATIONS = YES;
				CLANG_WARN_DIRECT_OBJC_ISA_USAGE = YES_ERROR;
				CLANG_WARN_DOCUMENTATION_COMMENTS = YES;
				CLANG_WARN_EMPTY_BODY = YES;
				CLANG_WARN_ENUM_CONVERSION = YES;
				CLANG_WARN_INFINITE_RECURSION = YES;
				CLANG_WARN_INT_CONVERSION = YES;
				CLANG_WARN_NON_LITERAL_NULL_CONVERSION = YES;
				CLANG_WARN_OBJC_IMPLICIT_RETAIN_SELF = YES;
				CLANG_WARN_OBJC_LITERAL_CONVERSION = YES;
				CLANG_WARN_OBJC_ROOT_CLASS = YES_ERROR;
				CLANG_WARN_QUOTED_INCLUDE_IN_FRAMEWORK_HEADER = YES;
				CLANG_WARN_RANGE_LOOP_ANALYSIS = YES;
				CLANG_WARN_STRICT_PROTOTYPES = YES;
				CLANG_WARN_SUSPICIOUS_MOVE = YES;
				CLANG_WARN_UNGUARDED_AVAILABILITY = YES_AGGRESSIVE;
				CLANG_WARN_UNREACHABLE_CODE = YES;
				CLANG_WARN__DUPLICATE_METHOD_MATCH = YES;
				COPY_PHASE_STRIP = NO;
				DEBUG_INFORMATION_FORMAT = dwarf;
				ENABLE_STRICT_OBJC_MSGSEND = YES;
				ENABLE_TESTABILITY = YES;
				ENABLE_USER_SCRIPT_SANDBOXING = YES;
				GCC_C_LANGUAGE_STANDARD = gnu17;
				GCC_DYNAMIC_NO_PIC = NO;
				GCC_NO_COMMON_BLOCKS = YES;
				GCC_OPTIMIZATION_LEVEL = 0;
				GCC_PREPROCESSOR_DEFINITIONS = (
					"DEBUG=1",
					"$(inherited)",
				);
				GCC_WARN_64_TO_32_BIT_CONVERSION = YES;
				GCC_WARN_ABOUT_RETURN_TYPE = YES_ERROR;
				GCC_WARN_UNDECLARED_SELECTOR = YES;
				GCC_WARN_UNINITIALIZED_AUTOS = YES_AGGRESSIVE;
				GCC_WARN_UNUSED_FUNCTION = YES;
				GCC_WARN_UNUSED_VARIABLE = YES;
				IPHONEOS_DEPLOYMENT_TARGET = 17.4;
				LOCALIZATION_PREFERS_STRING_CATALOGS = YES;
				MTL_ENABLE_DEBUG_INFO = INCLUDE_SOURCE;
				MTL_FAST_MATH = YES;
				ONLY_ACTIVE_ARCH = YES;
				SDKROOT = iphoneos;
				SWIFT_ACTIVE_COMPILATION_CONDITIONS = "DEBUG $(inherited)";
				SWIFT_OPTIMIZATION_LEVEL = "-Onone";
			};
			name = Debug;
		};
		6866BCED2BC1764000AE855F /* Release */ = {
			isa = XCBuildConfiguration;
			buildSettings = {
				ALWAYS_SEARCH_USER_PATHS = NO;
				ASSETCATALOG_COMPILER_GENERATE_SWIFT_ASSET_SYMBOL_EXTENSIONS = YES;
				CLANG_ANALYZER_NONNULL = YES;
				CLANG_ANALYZER_NUMBER_OBJECT_CONVERSION = YES_AGGRESSIVE;
				CLANG_CXX_LANGUAGE_STANDARD = "gnu++20";
				CLANG_ENABLE_MODULES = YES;
				CLANG_ENABLE_OBJC_ARC = YES;
				CLANG_ENABLE_OBJC_WEAK = YES;
				CLANG_WARN_BLOCK_CAPTURE_AUTORELEASING = YES;
				CLANG_WARN_BOOL_CONVERSION = YES;
				CLANG_WARN_COMMA = YES;
				CLANG_WARN_CONSTANT_CONVERSION = YES;
				CLANG_WARN_DEPRECATED_OBJC_IMPLEMENTATIONS = YES;
				CLANG_WARN_DIRECT_OBJC_ISA_USAGE = YES_ERROR;
				CLANG_WARN_DOCUMENTATION_COMMENTS = YES;
				CLANG_WARN_EMPTY_BODY = YES;
				CLANG_WARN_ENUM_CONVERSION = YES;
				CLANG_WARN_INFINITE_RECURSION = YES;
				CLANG_WARN_INT_CONVERSION = YES;
				CLANG_WARN_NON_LITERAL_NULL_CONVERSION = YES;
				CLANG_WARN_OBJC_IMPLICIT_RETAIN_SELF = YES;
				CLANG_WARN_OBJC_LITERAL_CONVERSION = YES;
				CLANG_WARN_OBJC_ROOT_CLASS = YES_ERROR;
				CLANG_WARN_QUOTED_INCLUDE_IN_FRAMEWORK_HEADER = YES;
				CLANG_WARN_RANGE_LOOP_ANALYSIS = YES;
				CLANG_WARN_STRICT_PROTOTYPES = YES;
				CLANG_WARN_SUSPICIOUS_MOVE = YES;
				CLANG_WARN_UNGUARDED_AVAILABILITY = YES_AGGRESSIVE;
				CLANG_WARN_UNREACHABLE_CODE = YES;
				CLANG_WARN__DUPLICATE_METHOD_MATCH = YES;
				COPY_PHASE_STRIP = NO;
				DEBUG_INFORMATION_FORMAT = "dwarf-with-dsym";
				ENABLE_NS_ASSERTIONS = NO;
				ENABLE_STRICT_OBJC_MSGSEND = YES;
				ENABLE_USER_SCRIPT_SANDBOXING = YES;
				GCC_C_LANGUAGE_STANDARD = gnu17;
				GCC_NO_COMMON_BLOCKS = YES;
				GCC_WARN_64_TO_32_BIT_CONVERSION = YES;
				GCC_WARN_ABOUT_RETURN_TYPE = YES_ERROR;
				GCC_WARN_UNDECLARED_SELECTOR = YES;
				GCC_WARN_UNINITIALIZED_AUTOS = YES_AGGRESSIVE;
				GCC_WARN_UNUSED_FUNCTION = YES;
				GCC_WARN_UNUSED_VARIABLE = YES;
				IPHONEOS_DEPLOYMENT_TARGET = 17.4;
				LOCALIZATION_PREFERS_STRING_CATALOGS = YES;
				MTL_ENABLE_DEBUG_INFO = NO;
				MTL_FAST_MATH = YES;
				SDKROOT = iphoneos;
				SWIFT_COMPILATION_MODE = wholemodule;
				VALIDATE_PRODUCT = YES;
			};
			name = Release;
		};
		6866BCEF2BC1764000AE855F /* Debug */ = {
			isa = XCBuildConfiguration;
			buildSettings = {
				ASSETCATALOG_COMPILER_APPICON_NAME = AppIcon;
				ASSETCATALOG_COMPILER_GLOBAL_ACCENT_COLOR_NAME = AccentColor;
				CODE_SIGN_STYLE = Automatic;
				CURRENT_PROJECT_VERSION = 1;
				DEVELOPMENT_ASSET_PATHS = "\"Pomodoro-Clone/Preview Content\"";
				DEVELOPMENT_TEAM = BMQK6V57GX;
				ENABLE_PREVIEWS = YES;
				GENERATE_INFOPLIST_FILE = YES;
				INFOPLIST_KEY_UIApplicationSceneManifest_Generation = YES;
				INFOPLIST_KEY_UIApplicationSupportsIndirectInputEvents = YES;
				INFOPLIST_KEY_UILaunchScreen_Generation = YES;
				INFOPLIST_KEY_UISupportedInterfaceOrientations_iPad = "UIInterfaceOrientationPortrait UIInterfaceOrientationPortraitUpsideDown UIInterfaceOrientationLandscapeLeft UIInterfaceOrientationLandscapeRight";
				INFOPLIST_KEY_UISupportedInterfaceOrientations_iPhone = "UIInterfaceOrientationPortrait UIInterfaceOrientationLandscapeLeft UIInterfaceOrientationLandscapeRight";
				LD_RUNPATH_SEARCH_PATHS = (
					"$(inherited)",
					"@executable_path/Frameworks",
				);
				MARKETING_VERSION = 1.0;
				PRODUCT_BUNDLE_IDENTIFIER = "com.ccn.Pomodoro-Clone";
				PRODUCT_NAME = "$(TARGET_NAME)";
				SWIFT_EMIT_LOC_STRINGS = YES;
				SWIFT_VERSION = 5.0;
				TARGETED_DEVICE_FAMILY = "1,2";
			};
			name = Debug;
		};
		6866BCF02BC1764000AE855F /* Release */ = {
			isa = XCBuildConfiguration;
			buildSettings = {
				ASSETCATALOG_COMPILER_APPICON_NAME = AppIcon;
				ASSETCATALOG_COMPILER_GLOBAL_ACCENT_COLOR_NAME = AccentColor;
				CODE_SIGN_STYLE = Automatic;
				CURRENT_PROJECT_VERSION = 1;
				DEVELOPMENT_ASSET_PATHS = "\"Pomodoro-Clone/Preview Content\"";
				DEVELOPMENT_TEAM = BMQK6V57GX;
				ENABLE_PREVIEWS = YES;
				GENERATE_INFOPLIST_FILE = YES;
				INFOPLIST_KEY_UIApplicationSceneManifest_Generation = YES;
				INFOPLIST_KEY_UIApplicationSupportsIndirectInputEvents = YES;
				INFOPLIST_KEY_UILaunchScreen_Generation = YES;
				INFOPLIST_KEY_UISupportedInterfaceOrientations_iPad = "UIInterfaceOrientationPortrait UIInterfaceOrientationPortraitUpsideDown UIInterfaceOrientationLandscapeLeft UIInterfaceOrientationLandscapeRight";
				INFOPLIST_KEY_UISupportedInterfaceOrientations_iPhone = "UIInterfaceOrientationPortrait UIInterfaceOrientationLandscapeLeft UIInterfaceOrientationLandscapeRight";
				LD_RUNPATH_SEARCH_PATHS = (
					"$(inherited)",
					"@executable_path/Frameworks",
				);
				MARKETING_VERSION = 1.0;
				PRODUCT_BUNDLE_IDENTIFIER = "com.ccn.Pomodoro-Clone";
				PRODUCT_NAME = "$(TARGET_NAME)";
				SWIFT_EMIT_LOC_STRINGS = YES;
				SWIFT_VERSION = 5.0;
				TARGETED_DEVICE_FAMILY = "1,2";
			};
			name = Release;
		};
		6866BCF22BC1764000AE855F /* Debug */ = {
			isa = XCBuildConfiguration;
			buildSettings = {
				ALWAYS_EMBED_SWIFT_STANDARD_LIBRARIES = YES;
				BUNDLE_LOADER = "$(TEST_HOST)";
				CODE_SIGN_STYLE = Automatic;
				CURRENT_PROJECT_VERSION = 1;
				DEVELOPMENT_TEAM = BMQK6V57GX;
				GENERATE_INFOPLIST_FILE = YES;
				IPHONEOS_DEPLOYMENT_TARGET = 17.4;
				MARKETING_VERSION = 1.0;
				PRODUCT_BUNDLE_IDENTIFIER = "com.ccn.Pomodoro-CloneTests";
				PRODUCT_NAME = "$(TARGET_NAME)";
				SWIFT_EMIT_LOC_STRINGS = NO;
				SWIFT_VERSION = 5.0;
				TARGETED_DEVICE_FAMILY = "1,2";
				TEST_HOST = "$(BUILT_PRODUCTS_DIR)/Pomodoro-Clone.app/$(BUNDLE_EXECUTABLE_FOLDER_PATH)/Pomodoro-Clone";
			};
			name = Debug;
		};
		6866BCF32BC1764000AE855F /* Release */ = {
			isa = XCBuildConfiguration;
			buildSettings = {
				ALWAYS_EMBED_SWIFT_STANDARD_LIBRARIES = YES;
				BUNDLE_LOADER = "$(TEST_HOST)";
				CODE_SIGN_STYLE = Automatic;
				CURRENT_PROJECT_VERSION = 1;
				DEVELOPMENT_TEAM = BMQK6V57GX;
				GENERATE_INFOPLIST_FILE = YES;
				IPHONEOS_DEPLOYMENT_TARGET = 17.4;
				MARKETING_VERSION = 1.0;
				PRODUCT_BUNDLE_IDENTIFIER = "com.ccn.Pomodoro-CloneTests";
				PRODUCT_NAME = "$(TARGET_NAME)";
				SWIFT_EMIT_LOC_STRINGS = NO;
				SWIFT_VERSION = 5.0;
				TARGETED_DEVICE_FAMILY = "1,2";
				TEST_HOST = "$(BUILT_PRODUCTS_DIR)/Pomodoro-Clone.app/$(BUNDLE_EXECUTABLE_FOLDER_PATH)/Pomodoro-Clone";
			};
			name = Release;
		};
		6866BCF52BC1764000AE855F /* Debug */ = {
			isa = XCBuildConfiguration;
			buildSettings = {
				ALWAYS_EMBED_SWIFT_STANDARD_LIBRARIES = YES;
				CODE_SIGN_STYLE = Automatic;
				CURRENT_PROJECT_VERSION = 1;
				DEVELOPMENT_TEAM = BMQK6V57GX;
				GENERATE_INFOPLIST_FILE = YES;
				MARKETING_VERSION = 1.0;
				PRODUCT_BUNDLE_IDENTIFIER = "com.ccn.Pomodoro-CloneUITests";
				PRODUCT_NAME = "$(TARGET_NAME)";
				SWIFT_EMIT_LOC_STRINGS = NO;
				SWIFT_VERSION = 5.0;
				TARGETED_DEVICE_FAMILY = "1,2";
				TEST_TARGET_NAME = "Pomodoro-Clone";
			};
			name = Debug;
		};
		6866BCF62BC1764000AE855F /* Release */ = {
			isa = XCBuildConfiguration;
			buildSettings = {
				ALWAYS_EMBED_SWIFT_STANDARD_LIBRARIES = YES;
				CODE_SIGN_STYLE = Automatic;
				CURRENT_PROJECT_VERSION = 1;
				DEVELOPMENT_TEAM = BMQK6V57GX;
				GENERATE_INFOPLIST_FILE = YES;
				MARKETING_VERSION = 1.0;
				PRODUCT_BUNDLE_IDENTIFIER = "com.ccn.Pomodoro-CloneUITests";
				PRODUCT_NAME = "$(TARGET_NAME)";
				SWIFT_EMIT_LOC_STRINGS = NO;
				SWIFT_VERSION = 5.0;
				TARGETED_DEVICE_FAMILY = "1,2";
				TEST_TARGET_NAME = "Pomodoro-Clone";
			};
			name = Release;
		};
/* End XCBuildConfiguration section */

/* Begin XCConfigurationList section */
		6866BCC52BC1763D00AE855F /* Build configuration list for PBXProject "Pomodoro-Clone" */ = {
			isa = XCConfigurationList;
			buildConfigurations = (
				6866BCEC2BC1764000AE855F /* Debug */,
				6866BCED2BC1764000AE855F /* Release */,
			);
			defaultConfigurationIsVisible = 0;
			defaultConfigurationName = Release;
		};
		6866BCEE2BC1764000AE855F /* Build configuration list for PBXNativeTarget "Pomodoro-Clone" */ = {
			isa = XCConfigurationList;
			buildConfigurations = (
				6866BCEF2BC1764000AE855F /* Debug */,
				6866BCF02BC1764000AE855F /* Release */,
			);
			defaultConfigurationIsVisible = 0;
			defaultConfigurationName = Release;
		};
		6866BCF12BC1764000AE855F /* Build configuration list for PBXNativeTarget "Pomodoro-CloneTests" */ = {
			isa = XCConfigurationList;
			buildConfigurations = (
				6866BCF22BC1764000AE855F /* Debug */,
				6866BCF32BC1764000AE855F /* Release */,
			);
			defaultConfigurationIsVisible = 0;
			defaultConfigurationName = Release;
		};
		6866BCF42BC1764000AE855F /* Build configuration list for PBXNativeTarget "Pomodoro-CloneUITests" */ = {
			isa = XCConfigurationList;
			buildConfigurations = (
				6866BCF52BC1764000AE855F /* Debug */,
				6866BCF62BC1764000AE855F /* Release */,
			);
			defaultConfigurationIsVisible = 0;
			defaultConfigurationName = Release;
		};
/* End XCConfigurationList section */
	};
	rootObject = 6866BCC22BC1763D00AE855F /* Project object */;
}
